schema: '2.0'
stages:
  collect-data:
    cmd: calkit xenv -n py -- python scripts/collect-data.py
    deps:
    - path: environment.yml
      hash: md5
      md5: 627d0116e60eab837fbf07edb4d370e0
      size: 114
    - path: scripts/collect-data.py
      hash: md5
      md5: eeab1328ac4a9df2ef2452d32c1e6cce
      size: 424
    outs:
    - path: data/raw/data.csv
      hash: md5
      md5: 5e1f4fef5f12168fb71bc7da44dc06f4
      size: 43617
  plot-voltage:
    cmd: calkit xenv -n py -- python scripts/plot-voltage.py
    deps:
    - path: data/raw/data.csv
      hash: md5
      md5: 5e1f4fef5f12168fb71bc7da44dc06f4
      size: 43617
    - path: environment.yml
      hash: md5
      md5: 627d0116e60eab837fbf07edb4d370e0
      size: 114
    - path: scripts/plot-voltage.py
      hash: md5
      md5: 087a567a0c0f6199a908399013d564a1
      size: 297
    outs:
    - path: figures/voltage-time-series.png
      hash: md5
      md5: 5b9f6e796d0aeea8eb9636c361a85481
      size: 45273
  copy-figures-to-paper-dir:
    cmd: cp -r figures paper/figures
    deps:
    - path: figures
      hash: md5
      md5: d6fd2418e3b774996ddd0f26715c36ac.dir
      size: 45148
      nfiles: 2
    outs:
    - path: paper/figures
      hash: md5
      md5: d6fd2418e3b774996ddd0f26715c36ac.dir
      size: 45148
      nfiles: 2
  build-paper:
    cmd: "calkit xenv -n tex -- latexmk -cd -interaction=nonstopmode -pdf paper/paper.tex\n"
    deps:
    - path: figures
      hash: md5
      md5: f9f9661e3d998c041ca71eac8dbc5de9.dir
      size: 45298
      nfiles: 2
    - path: paper/paper.tex
      hash: md5
      md5: af281fec490bfff26b5954baa2e177d6
      size: 577
    outs:
    - path: paper/paper.pdf
      hash: md5
      md5: ed5e13a52351dc0ceec9c79c61a66e65
      size: 95166
